{
  "name": "@wasmer/wasmfs",
  "version": "0.4.5",
  "lockfileVersion": 1,
  "requires": true,
  "dependencies": {
    "browser-assert": {
      "version": "1.2.1",
      "resolved": "https://registry.npmjs.org/browser-assert/-/browser-assert-1.2.1.tgz",
      "integrity": "sha1-mqpaKox0aFwq4Fv+Ru/WBvBowgA="
    },
    "fast-extend": {
      "version": "0.0.2",
      "resolved": "https://registry.npmjs.org/fast-extend/-/fast-extend-0.0.2.tgz",
      "integrity": "sha1-9exCz0C5Rg9SGmOH37Ut7u1nHb0="
    },
    "fs-monkey": {
      "version": "0.3.3",
      "resolved": "https://registry.npmjs.org/fs-monkey/-/fs-monkey-0.3.3.tgz",
      "integrity": "sha512-FNUvuTAJ3CqCQb5ELn+qCbGR/Zllhf2HtwsdAtBi59s1WeCjKMT81fHcSu7dwIskqGVK+MmOrb7VOBlq3/SItw=="
    },
    "memfs": {
      "version": "git+https://github.com/torch2424/memfs.git#f4101e4e1f06b33372e0b3bb6fda230a8fcd0c62",
      "from": "git+https://github.com/torch2424/memfs.git#wasmfs-fixes",
      "requires": {
        "browser-assert": "^1.2.1",
        "fast-extend": "0.0.2",
        "fs-monkey": "^0.3.3"
      }
    }
  }
}
