{
  "name": "@wasmer/wasmfs",
  "version": "0.0.1",
  "lockfileVersion": 1,
  "requires": true,
  "dependencies": {
    "fast-extend": {
      "version": "0.0.2",
      "resolved": "https://registry.npmjs.org/fast-extend/-/fast-extend-0.0.2.tgz",
      "integrity": "sha1-9exCz0C5Rg9SGmOH37Ut7u1nHb0="
    },
    "fs-monkey": {
      "version": "0.3.3",
      "resolved": "https://registry.npmjs.org/fs-monkey/-/fs-monkey-0.3.3.tgz",
      "integrity": "sha512-FNUvuTAJ3CqCQb5ELn+qCbGR/Zllhf2HtwsdAtBi59s1WeCjKMT81fHcSu7dwIskqGVK+MmOrb7VOBlq3/SItw=="
    },
    "memfs": {
      "version": "2.15.5",
      "resolved": "https://registry.npmjs.org/memfs/-/memfs-2.15.5.tgz",
      "integrity": "sha512-x8v6Uok7FRuPt8RNXnIk3HzSFB2kaJtoT6ztpfIxxURjBPPsu4eKA+ZDLQ5GdV8+Lx71+vdMaBzHxy51vLQ7dw==",
      "requires": {
        "fast-extend": "0.0.2",
        "fs-monkey": "^0.3.3"
      }
    }
  }
}
