{
  "name": "@wasmer/wasmfs",
  "version": "0.6.0",
  "lockfileVersion": 1,
  "requires": true,
  "dependencies": {
    "fast-extend": {
      "version": "1.0.2",
      "resolved": "https://registry.npmjs.org/fast-extend/-/fast-extend-1.0.2.tgz",
      "integrity": "sha512-XXA9RmlPatkFKUzqVZAFth18R4Wo+Xug/S+C7YlYA3xrXwfPlW3dqNwOb4hvQo7wZJ2cNDYhrYuPzVOfHy5/uQ=="
    },
    "fs-monkey": {
      "version": "0.3.3",
      "resolved": "https://registry.npmjs.org/fs-monkey/-/fs-monkey-0.3.3.tgz",
      "integrity": "sha512-FNUvuTAJ3CqCQb5ELn+qCbGR/Zllhf2HtwsdAtBi59s1WeCjKMT81fHcSu7dwIskqGVK+MmOrb7VOBlq3/SItw=="
    },
    "memfs": {
      "version": "3.0.4",
      "resolved": "https://registry.npmjs.org/memfs/-/memfs-3.0.4.tgz",
      "integrity": "sha512-OcZEzwX9E5AoY8SXjuAvw0DbIAYwUzV/I236I8Pqvrlv7sL/Y0E9aRCon05DhaV8pg1b32uxj76RgW0s5xjHBA==",
      "requires": {
        "fast-extend": "1.0.2",
        "fs-monkey": "0.3.3"
      }
    }
  }
}
