{
  "name": "@wasmer/wasmer-js",
  "version": "0.0.1",
  "lockfileVersion": 1,
  "requires": true,
  "dependencies": {
    "@types/chai": {
      "version": "4.2.7",
      "resolved": "https://registry.npmjs.org/@types/chai/-/chai-4.2.7.tgz",
      "integrity": "sha512-luq8meHGYwvky0O7u0eQZdA7B4Wd9owUCqvbw2m3XCrCU8mplYOujMBbvyS547AxJkC+pGnd0Cm15eNxEUNU8g==",
      "dev": true
    },
    "@types/mocha": {
      "version": "5.2.7",
      "resolved": "https://registry.npmjs.org/@types/mocha/-/mocha-5.2.7.tgz",
      "integrity": "sha512-NYrtPht0wGzhwe9+/idPaBB+TqkY9AhTvOLMkThm0IoEfLaiVQZwBwyJ5puCkO3AUCWrmcoePjp2mbFocKy4SQ==",
      "dev": true
    },
    "@types/node": {
      "version": "10.17.13",
      "resolved": "https://registry.npmjs.org/@types/node/-/node-10.17.13.tgz",
      "integrity": "sha512-pMCcqU2zT4TjqYFrWtYHKal7Sl30Ims6ulZ4UFXxI4xbtQqK/qqKwkDoBFCfooRqqmRu9vY3xaJRwxSh673aYg==",
      "dev": true
    },
    "browser-process-hrtime": {
      "version": "1.0.0",
      "resolved": "https://registry.npmjs.org/browser-process-hrtime/-/browser-process-hrtime-1.0.0.tgz",
      "integrity": "sha512-9o5UecI3GhkpM6DrXr69PblIuWxPKk9Y0jHBRhdocZ2y7YECBFCsHm79Pr3OyR2AvjhDkabFJaDJMYRazHgsow==",
      "dev": true
    }
  }
}
