{
  "name": "@wasmer/wasm-transformer",
  "version": "0.6.0",
  "lockfileVersion": 1,
  "requires": true,
  "dependencies": {
    "wasm-feature-detect": {
      "version": "1.2.2",
      "resolved": "https://registry.npmjs.org/wasm-feature-detect/-/wasm-feature-detect-1.2.2.tgz",
      "integrity": "sha512-fj8PiWfNux69j27u9wQgPzltip7WioDMjldbVb6JFvb2PnF2JvKN/PfFOkrhbg4RQo/+Q8ClcZI6vJMOCSQz+Q=="
    }
  }
}
