{
  "name": "wasm-shell",
  "version": "0.0.1",
  "lockfileVersion": 1,
  "requires": true,
  "dependencies": {
    "@wasmer/wasm-terminal": {
      "version": "file:../../packages/wasm-terminal",
      "requires": {
        "@wasmer/wasi": "file:../../packages/wasi",
        "@wasmer/wasi_js_transformer": "file:../../packages/wasi_js_transformer",
        "@wasmer/wasmfs": "file:../../packages/wasmfs",
        "comlink": "^4.0.2",
        "shell-parse": "0.0.2",
        "shell-quote": "^1.7.1",
        "xterm": "^3.14.5"
      }
    }
  }
}
