{
  "name": "@wasmer/wasm-terminal",
  "version": "0.4.7",
  "lockfileVersion": 1,
  "requires": true,
  "dependencies": {
    "@wasmer/wasi": {
      "version": "0.4.5",
      "resolved": "https://registry.npmjs.org/@wasmer/wasi/-/wasi-0.4.5.tgz",
      "integrity": "sha512-dOt+Zj6vOk1C+1O+6aduKQgCy5VHZE20d14stGOFY0qPptJB8f4tfLWvd/NY/AK6hhSB8zFDV6rn1VowdiqYdw==",
      "requires": {
        "browser-process-hrtime": "^1.0.0",
        "buffer-es6": "^4.9.3",
        "path-browserify": "^1.0.0",
        "randomfill": "^1.0.4"
      }
    },
    "@wasmer/wasmfs": {
      "version": "0.4.5",
      "resolved": "https://registry.npmjs.org/@wasmer/wasmfs/-/wasmfs-0.4.5.tgz",
      "integrity": "sha512-rsUQ/BP4T+TGBhQbZ97QVwSNFsPPeSIy2PYhfae4mwPjNPqqh1s117QpoybuTRUV5oOWGQX5JiG5JqVEcaUlcw==",
      "requires": {
        "memfs": "git+https://github.com/torch2424/memfs.git#wasmfs-fixes"
      }
    },
    "array-map": {
      "version": "0.0.0",
      "resolved": "https://registry.npmjs.org/array-map/-/array-map-0.0.0.tgz",
      "integrity": "sha1-iKK6tz0c97zVwbEYoAP2b2ZfpmI="
    },
    "browser-assert": {
      "version": "1.2.1",
      "resolved": "https://registry.npmjs.org/browser-assert/-/browser-assert-1.2.1.tgz",
      "integrity": "sha1-mqpaKox0aFwq4Fv+Ru/WBvBowgA="
    },
    "browser-process-hrtime": {
      "version": "1.0.0",
      "resolved": "https://registry.npmjs.org/browser-process-hrtime/-/browser-process-hrtime-1.0.0.tgz",
      "integrity": "sha512-9o5UecI3GhkpM6DrXr69PblIuWxPKk9Y0jHBRhdocZ2y7YECBFCsHm79Pr3OyR2AvjhDkabFJaDJMYRazHgsow=="
    },
    "buffer-es6": {
      "version": "4.9.3",
      "resolved": "https://registry.npmjs.org/buffer-es6/-/buffer-es6-4.9.3.tgz",
      "integrity": "sha1-8mNHuC33b9N+GLy1KIxJcM/VxAQ="
    },
    "comlink": {
      "version": "4.0.5",
      "resolved": "https://registry.npmjs.org/comlink/-/comlink-4.0.5.tgz",
      "integrity": "sha512-A4+KdcBEDJYl39pdSFs1ZuaN+UIFuEf4bAsDnJGBf7630FvbE8LRIPb5bHIy+wl/Q5moCkNnHkX3ccREYTKVQg=="
    },
    "fast-extend": {
      "version": "0.0.2",
      "resolved": "https://registry.npmjs.org/fast-extend/-/fast-extend-0.0.2.tgz",
      "integrity": "sha1-9exCz0C5Rg9SGmOH37Ut7u1nHb0="
    },
    "fs-monkey": {
      "version": "0.3.3",
      "resolved": "https://registry.npmjs.org/fs-monkey/-/fs-monkey-0.3.3.tgz",
      "integrity": "sha512-FNUvuTAJ3CqCQb5ELn+qCbGR/Zllhf2HtwsdAtBi59s1WeCjKMT81fHcSu7dwIskqGVK+MmOrb7VOBlq3/SItw=="
    },
    "isarray": {
      "version": "0.0.1",
      "resolved": "https://registry.npmjs.org/isarray/-/isarray-0.0.1.tgz",
      "integrity": "sha1-ihis/Kmo9Bd+Cav8YDiTmwXR7t8="
    },
    "memfs": {
      "version": "git+https://github.com/torch2424/memfs.git#50997b4374121eb30e4e571a311e3effe824ea82",
      "from": "git+https://github.com/torch2424/memfs.git#wasmfs-fixes",
      "requires": {
        "browser-assert": "^1.2.1",
        "fast-extend": "0.0.2",
        "fs-monkey": "^0.3.3"
      }
    },
    "path-browserify": {
      "version": "1.0.0",
      "resolved": "https://registry.npmjs.org/path-browserify/-/path-browserify-1.0.0.tgz",
      "integrity": "sha512-Hkavx/nY4/plImrZPHRk2CL9vpOymZLgEbMNX1U0bjcBL7QN9wODxyx0yaMZURSQaUtSEvDrfAvxa9oPb0at9g=="
    },
    "randombytes": {
      "version": "2.1.0",
      "resolved": "https://registry.npmjs.org/randombytes/-/randombytes-2.1.0.tgz",
      "integrity": "sha512-vYl3iOX+4CKUWuxGi9Ukhie6fsqXqS9FE2Zaic4tNFD2N2QQaXOMFbuKK4QmDHC0JO6B1Zp41J0LpT0oR68amQ==",
      "requires": {
        "safe-buffer": "^5.1.0"
      }
    },
    "randomfill": {
      "version": "1.0.4",
      "resolved": "https://registry.npmjs.org/randomfill/-/randomfill-1.0.4.tgz",
      "integrity": "sha512-87lcbR8+MhcWcUiQ+9e+Rwx8MyR2P7qnt15ynUlbm3TU/fjbgz4GsvfSUDTemtCCtVCqb4ZcEFlyPNTh9bBTLw==",
      "requires": {
        "randombytes": "^2.0.5",
        "safe-buffer": "^5.1.0"
      }
    },
    "safe-buffer": {
      "version": "5.2.0",
      "resolved": "https://registry.npmjs.org/safe-buffer/-/safe-buffer-5.2.0.tgz",
      "integrity": "sha512-fZEwUGbVl7kouZs1jCdMLdt95hdIv0ZeHg6L7qPeciMZhZ+/gdesW4wgTARkrFWEpspjEATAzUGPG8N2jJiwbg=="
    },
    "shell-parse": {
      "version": "0.0.2",
      "resolved": "https://registry.npmjs.org/shell-parse/-/shell-parse-0.0.2.tgz",
      "integrity": "sha1-7DdnD38yxt3qRj/2a4zg+YNVv9Y=",
      "requires": {
        "array-map": "0.0.0",
        "isarray": "0.0.1"
      }
    },
    "shell-quote": {
      "version": "1.7.2",
      "resolved": "https://registry.npmjs.org/shell-quote/-/shell-quote-1.7.2.tgz",
      "integrity": "sha512-mRz/m/JVscCrkMyPqHc/bczi3OQHkLTqXHEFu0zDhK/qfv3UcOA4SVmRCLmos4bhjr9ekVQubj/R7waKapmiQg=="
    },
    "xterm": {
      "version": "4.1.0",
      "resolved": "https://registry.npmjs.org/xterm/-/xterm-4.1.0.tgz",
      "integrity": "sha512-RolKCONgwaEqt7FBMUeoxn4W/2JoopNi3nxfZDmQ6xwelCNCAAYNw4W97QenXefQyvholn5xMAsS0nnIwjwhHw=="
    },
    "xterm-addon-fit": {
      "version": "0.2.1",
      "resolved": "https://registry.npmjs.org/xterm-addon-fit/-/xterm-addon-fit-0.2.1.tgz",
      "integrity": "sha512-BlR57O3t1/bmVcnS81bn9ZnNf+GiGNbeXdNUKSBa9tKEwNUMcU3S+KFLIRv7rm1Ty0D5pMOu0vbz/RDorKRwKQ=="
    },
    "xterm-addon-web-links": {
      "version": "0.2.1",
      "resolved": "https://registry.npmjs.org/xterm-addon-web-links/-/xterm-addon-web-links-0.2.1.tgz",
      "integrity": "sha512-2KnHtiq0IG7hfwv3jw2/jQeH1RBk2d5CH4zvgwQe00rLofSJqSfgnJ7gwowxxpGHrpbPr6Lv4AmH/joaNw2+HQ=="
    },
    "xterm-addon-webgl": {
      "version": "0.2.1",
      "resolved": "https://registry.npmjs.org/xterm-addon-webgl/-/xterm-addon-webgl-0.2.1.tgz",
      "integrity": "sha512-MZyh/KGbOBEEOqGpgilHuKHSj0OCXiZsBedTtLesHNerc79710shUHnfBlk31ggYU9G/WJ91qoNNux3ek5QBPA=="
    }
  }
}
