{
  "name": "@wasmer/wasm-terminal",
  "version": "0.6.0",
  "lockfileVersion": 1,
  "requires": true,
  "dependencies": {
    "@wasmer/io-devices": {
      "version": "file:../io-devices"
    },
    "@wasmer/wasi": {
      "version": "file:../wasi",
      "requires": {
        "browser-process-hrtime": "^1.0.0",
        "buffer-es6": "^4.9.3",
        "path-browserify": "^1.0.0",
        "randomfill": "^1.0.4"
      }
    },
    "@wasmer/wasmfs": {
      "version": "file:../wasmfs",
      "requires": {
        "memfs": "3.0.4"
      }
    },
    "array-map": {
      "version": "0.0.0",
      "resolved": "https://registry.npmjs.org/array-map/-/array-map-0.0.0.tgz",
      "integrity": "sha1-iKK6tz0c97zVwbEYoAP2b2ZfpmI="
    },
    "comlink": {
      "version": "4.2.0",
      "resolved": "https://registry.npmjs.org/comlink/-/comlink-4.2.0.tgz",
      "integrity": "sha512-33hF3yYzZicIWLREuvluTGSZkbAXYwRmrA9IYQo0/P+0O45qgvzR0FHX4tRZztObFMTs/RhnN0G0UBNDAZSiCg=="
    },
    "isarray": {
      "version": "0.0.1",
      "resolved": "https://registry.npmjs.org/isarray/-/isarray-0.0.1.tgz",
      "integrity": "sha1-ihis/Kmo9Bd+Cav8YDiTmwXR7t8="
    },
    "shell-parse": {
      "version": "0.0.2",
      "resolved": "https://registry.npmjs.org/shell-parse/-/shell-parse-0.0.2.tgz",
      "integrity": "sha1-7DdnD38yxt3qRj/2a4zg+YNVv9Y=",
      "requires": {
        "array-map": "0.0.0",
        "isarray": "0.0.1"
      }
    },
    "shell-quote": {
      "version": "1.7.2",
      "resolved": "https://registry.npmjs.org/shell-quote/-/shell-quote-1.7.2.tgz",
      "integrity": "sha512-mRz/m/JVscCrkMyPqHc/bczi3OQHkLTqXHEFu0zDhK/qfv3UcOA4SVmRCLmos4bhjr9ekVQubj/R7waKapmiQg=="
    },
    "xterm": {
      "version": "4.3.0",
      "resolved": "https://registry.npmjs.org/xterm/-/xterm-4.3.0.tgz",
      "integrity": "sha512-6dnrC4nxgnRKQzIWwC5HA0mnT9/rpDPZflUIr24gdcdSMTKM1QQcor4qQ/xz4Zerz6AIL/CuuBPypFfzsB63dQ=="
    },
    "xterm-addon-fit": {
      "version": "0.2.1",
      "resolved": "https://registry.npmjs.org/xterm-addon-fit/-/xterm-addon-fit-0.2.1.tgz",
      "integrity": "sha512-BlR57O3t1/bmVcnS81bn9ZnNf+GiGNbeXdNUKSBa9tKEwNUMcU3S+KFLIRv7rm1Ty0D5pMOu0vbz/RDorKRwKQ=="
    },
    "xterm-addon-web-links": {
      "version": "0.2.1",
      "resolved": "https://registry.npmjs.org/xterm-addon-web-links/-/xterm-addon-web-links-0.2.1.tgz",
      "integrity": "sha512-2KnHtiq0IG7hfwv3jw2/jQeH1RBk2d5CH4zvgwQe00rLofSJqSfgnJ7gwowxxpGHrpbPr6Lv4AmH/joaNw2+HQ=="
    },
    "xterm-addon-webgl": {
      "version": "0.2.1",
      "resolved": "https://registry.npmjs.org/xterm-addon-webgl/-/xterm-addon-webgl-0.2.1.tgz",
      "integrity": "sha512-MZyh/KGbOBEEOqGpgilHuKHSj0OCXiZsBedTtLesHNerc79710shUHnfBlk31ggYU9G/WJ91qoNNux3ek5QBPA=="
    }
  }
}
